// !$*UTF8*$!
{
	archiveVersion = 1;
	classes = {
	};
	objectVersion = 56;
	objects = {

/* Begin PBXBuildFile section */
		1699A9082B00761C009259EB /* AppetizerAppApp.swift in Sources */ = {isa = PBXBuildFile; fileRef = 1699A9072B00761C009259EB /* AppetizerAppApp.swift */; };
		1699A90A2B00761C009259EB /* AppetizerTabView.swift in Sources */ = {isa = PBXBuildFile; fileRef = 1699A9092B00761C009259EB /* AppetizerTabView.swift */; };
		1699A90C2B00761F009259EB /* Assets.xcassets in Resources */ = {isa = PBXBuildFile; fileRef = 1699A90B2B00761F009259EB /* Assets.xcassets */; };
		1699A90F2B00761F009259EB /* Preview Assets.xcassets in Resources */ = {isa = PBXBuildFile; fileRef = 1699A90E2B00761F009259EB /* Preview Assets.xcassets */; };
		1699A9192B00761F009259EB /* AppetizerAppTests.swift in Sources */ = {isa = PBXBuildFile; fileRef = 1699A9182B00761F009259EB /* AppetizerAppTests.swift */; };
		1699A9232B00761F009259EB /* AppetizerAppUITests.swift in Sources */ = {isa = PBXBuildFile; fileRef = 1699A9222B00761F009259EB /* AppetizerAppUITests.swift */; };
		1699A9252B00761F009259EB /* AppetizerAppUITestsLaunchTests.swift in Sources */ = {isa = PBXBuildFile; fileRef = 1699A9242B00761F009259EB /* AppetizerAppUITestsLaunchTests.swift */; };
		1699A9322B0076CC009259EB /* AppetizerListView.swift in Sources */ = {isa = PBXBuildFile; fileRef = 1699A9312B0076CC009259EB /* AppetizerListView.swift */; };
		1699A9362B007718009259EB /* CartView.swift in Sources */ = {isa = PBXBuildFile; fileRef = 1699A9352B007718009259EB /* CartView.swift */; };
		1699A93E2B008946009259EB /* AppetizerViewModel.swift in Sources */ = {isa = PBXBuildFile; fileRef = 1699A93D2B008946009259EB /* AppetizerViewModel.swift */; };
		1699A9422B00899E009259EB /* CartViewModel.swift in Sources */ = {isa = PBXBuildFile; fileRef = 1699A9412B00899E009259EB /* CartViewModel.swift */; };
		1699A9442B008E70009259EB /* appetizerModel.swift in Sources */ = {isa = PBXBuildFile; fileRef = 1699A9432B008E70009259EB /* appetizerModel.swift */; };
		1699A9472B00A13D009259EB /* AppetizerCell.swift in Sources */ = {isa = PBXBuildFile; fileRef = 1699A9462B00A13D009259EB /* AppetizerCell.swift */; };
		1699A94A2B00AB22009259EB /* Emuns.swift in Sources */ = {isa = PBXBuildFile; fileRef = 1699A9492B00AB22009259EB /* Emuns.swift */; };
		1699A94C2B00AB57009259EB /* NetworkManager.swift in Sources */ = {isa = PBXBuildFile; fileRef = 1699A94B2B00AB57009259EB /* NetworkManager.swift */; };
		1699A94F2B00B823009259EB /* AlertContext.swift in Sources */ = {isa = PBXBuildFile; fileRef = 1699A94E2B00B823009259EB /* AlertContext.swift */; };
		1699A9512B00C071009259EB /* AppetizerSkeletonView.swift in Sources */ = {isa = PBXBuildFile; fileRef = 1699A9502B00C071009259EB /* AppetizerSkeletonView.swift */; };
		1699A9542B00CE90009259EB /* Colors.swift in Sources */ = {isa = PBXBuildFile; fileRef = 1699A9532B00CE90009259EB /* Colors.swift */; };
		1699A9562B00D319009259EB /* ImageLoader.swift in Sources */ = {isa = PBXBuildFile; fileRef = 1699A9552B00D319009259EB /* ImageLoader.swift */; };
		1699A9592B00D94D009259EB /* AppetizerDetilsView.swift in Sources */ = {isa = PBXBuildFile; fileRef = 1699A9582B00D94D009259EB /* AppetizerDetilsView.swift */; };
		1699A95C2B00D9B2009259EB /* XButtonView.swift in Sources */ = {isa = PBXBuildFile; fileRef = 1699A95B2B00D9B2009259EB /* XButtonView.swift */; };
		1699A95E2B00DA0C009259EB /* PrimaryButtonView.swift in Sources */ = {isa = PBXBuildFile; fileRef = 1699A95D2B00DA0C009259EB /* PrimaryButtonView.swift */; };
		1699A9612B00DEC1009259EB /* NutritionView.swift in Sources */ = {isa = PBXBuildFile; fileRef = 1699A9602B00DEC1009259EB /* NutritionView.swift */; };
		1699A9632B00E35C009259EB /* String.swift in Sources */ = {isa = PBXBuildFile; fileRef = 1699A9622B00E35C009259EB /* String.swift */; };
		1699B9982B045182007DC331 /* QRCodeButton.swift in Sources */ = {isa = PBXBuildFile; fileRef = 1699B9972B045182007DC331 /* QRCodeButton.swift */; };
		1699B9A12B0D9367007DC331 /* UserView.swift in Sources */ = {isa = PBXBuildFile; fileRef = 1699B9A02B0D9367007DC331 /* UserView.swift */; };
		1699B9A32B0D93FA007DC331 /* UserViewModel.swift in Sources */ = {isa = PBXBuildFile; fileRef = 1699B9A22B0D93FA007DC331 /* UserViewModel.swift */; };
		1699B9A52B0D9AC8007DC331 /* UserModel.swift in Sources */ = {isa = PBXBuildFile; fileRef = 1699B9A42B0D9AC8007DC331 /* UserModel.swift */; };
		1699B9A72B0DA51B007DC331 /* EmptyState.swift in Sources */ = {isa = PBXBuildFile; fileRef = 1699B9A62B0DA51B007DC331 /* EmptyState.swift */; };
		1699B9AB2B0E4C03007DC331 /* StandardButtonStyle.swift in Sources */ = {isa = PBXBuildFile; fileRef = 1699B9AA2B0E4C03007DC331 /* StandardButtonStyle.swift */; };
		1699B9AD2B10D55D007DC331 /* ReloadView.swift in Sources */ = {isa = PBXBuildFile; fileRef = 1699B9AC2B10D55D007DC331 /* ReloadView.swift */; };
		1699B9AF2B14B2AB007DC331 /* AppetizerDetailsViewModel.swift in Sources */ = {isa = PBXBuildFile; fileRef = 1699B9AE2B14B2AB007DC331 /* AppetizerDetailsViewModel.swift */; };
/* End PBXBuildFile section */

/* Begin PBXContainerItemProxy section */
		1699A9152B00761F009259EB /* PBXContainerItemProxy */ = {
			isa = PBXContainerItemProxy;
			containerPortal = 1699A8FC2B00761C009259EB /* Project object */;
			proxyType = 1;
			remoteGlobalIDString = 1699A9032B00761C009259EB;
			remoteInfo = AppetizerApp;
		};
		1699A91F2B00761F009259EB /* PBXContainerItemProxy */ = {
			isa = PBXContainerItemProxy;
			containerPortal = 1699A8FC2B00761C009259EB /* Project object */;
			proxyType = 1;
			remoteGlobalIDString = 1699A9032B00761C009259EB;
			remoteInfo = AppetizerApp;
		};
/* End PBXContainerItemProxy section */

/* Begin PBXFileReference section */
		1699A9042B00761C009259EB /* AppetizerApp.app */ = {isa = PBXFileReference; explicitFileType = wrapper.application; includeInIndex = 0; path = AppetizerApp.app; sourceTree = BUILT_PRODUCTS_DIR; };
		1699A9072B00761C009259EB /* AppetizerAppApp.swift */ = {isa = PBXFileReference; lastKnownFileType = sourcecode.swift; path = AppetizerAppApp.swift; sourceTree = "<group>"; };
		1699A9092B00761C009259EB /* AppetizerTabView.swift */ = {isa = PBXFileReference; lastKnownFileType = sourcecode.swift; path = AppetizerTabView.swift; sourceTree = "<group>"; };
		1699A90B2B00761F009259EB /* Assets.xcassets */ = {isa = PBXFileReference; lastKnownFileType = folder.assetcatalog; path = Assets.xcassets; sourceTree = "<group>"; };
		1699A90E2B00761F009259EB /* Preview Assets.xcassets */ = {isa = PBXFileReference; lastKnownFileType = folder.assetcatalog; path = "Preview Assets.xcassets"; sourceTree = "<group>"; };
		1699A9142B00761F009259EB /* AppetizerAppTests.xctest */ = {isa = PBXFileReference; explicitFileType = wrapper.cfbundle; includeInIndex = 0; path = AppetizerAppTests.xctest; sourceTree = BUILT_PRODUCTS_DIR; };
		1699A9182B00761F009259EB /* AppetizerAppTests.swift */ = {isa = PBXFileReference; lastKnownFileType = sourcecode.swift; path = AppetizerAppTests.swift; sourceTree = "<group>"; };
		1699A91E2B00761F009259EB /* AppetizerAppUITests.xctest */ = {isa = PBXFileReference; explicitFileType = wrapper.cfbundle; includeInIndex = 0; path = AppetizerAppUITests.xctest; sourceTree = BUILT_PRODUCTS_DIR; };
		1699A9222B00761F009259EB /* AppetizerAppUITests.swift */ = {isa = PBXFileReference; lastKnownFileType = sourcecode.swift; path = AppetizerAppUITests.swift; sourceTree = "<group>"; };
		1699A9242B00761F009259EB /* AppetizerAppUITestsLaunchTests.swift */ = {isa = PBXFileReference; lastKnownFileType = sourcecode.swift; path = AppetizerAppUITestsLaunchTests.swift; sourceTree = "<group>"; };
		1699A9312B0076CC009259EB /* AppetizerListView.swift */ = {isa = PBXFileReference; lastKnownFileType = sourcecode.swift; path = AppetizerListView.swift; sourceTree = "<group>"; };
		1699A9352B007718009259EB /* CartView.swift */ = {isa = PBXFileReference; lastKnownFileType = sourcecode.swift; path = CartView.swift; sourceTree = "<group>"; };
		1699A93D2B008946009259EB /* AppetizerViewModel.swift */ = {isa = PBXFileReference; lastKnownFileType = sourcecode.swift; path = AppetizerViewModel.swift; sourceTree = "<group>"; };
		1699A9412B00899E009259EB /* CartViewModel.swift */ = {isa = PBXFileReference; lastKnownFileType = sourcecode.swift; path = CartViewModel.swift; sourceTree = "<group>"; };
		1699A9432B008E70009259EB /* appetizerModel.swift */ = {isa = PBXFileReference; lastKnownFileType = sourcecode.swift; path = appetizerModel.swift; sourceTree = "<group>"; };
		1699A9462B00A13D009259EB /* AppetizerCell.swift */ = {isa = PBXFileReference; lastKnownFileType = sourcecode.swift; path = AppetizerCell.swift; sourceTree = "<group>"; };
		1699A9492B00AB22009259EB /* Emuns.swift */ = {isa = PBXFileReference; lastKnownFileType = sourcecode.swift; path = Emuns.swift; sourceTree = "<group>"; };
		1699A94B2B00AB57009259EB /* NetworkManager.swift */ = {isa = PBXFileReference; lastKnownFileType = sourcecode.swift; path = NetworkManager.swift; sourceTree = "<group>"; };
		1699A94E2B00B823009259EB /* AlertContext.swift */ = {isa = PBXFileReference; lastKnownFileType = sourcecode.swift; path = AlertContext.swift; sourceTree = "<group>"; };
		1699A9502B00C071009259EB /* AppetizerSkeletonView.swift */ = {isa = PBXFileReference; lastKnownFileType = sourcecode.swift; path = AppetizerSkeletonView.swift; sourceTree = "<group>"; };
		1699A9532B00CE90009259EB /* Colors.swift */ = {isa = PBXFileReference; lastKnownFileType = sourcecode.swift; path = Colors.swift; sourceTree = "<group>"; };
		1699A9552B00D319009259EB /* ImageLoader.swift */ = {isa = PBXFileReference; lastKnownFileType = sourcecode.swift; path = ImageLoader.swift; sourceTree = "<group>"; };
		1699A9582B00D94D009259EB /* AppetizerDetilsView.swift */ = {isa = PBXFileReference; lastKnownFileType = sourcecode.swift; path = AppetizerDetilsView.swift; sourceTree = "<group>"; };
		1699A95B2B00D9B2009259EB /* XButtonView.swift */ = {isa = PBXFileReference; lastKnownFileType = sourcecode.swift; path = XButtonView.swift; sourceTree = "<group>"; };
		1699A95D2B00DA0C009259EB /* PrimaryButtonView.swift */ = {isa = PBXFileReference; lastKnownFileType = sourcecode.swift; path = PrimaryButtonView.swift; sourceTree = "<group>"; };
		1699A9602B00DEC1009259EB /* NutritionView.swift */ = {isa = PBXFileReference; lastKnownFileType = sourcecode.swift; path = NutritionView.swift; sourceTree = "<group>"; };
		1699A9622B00E35C009259EB /* String.swift */ = {isa = PBXFileReference; lastKnownFileType = sourcecode.swift; path = String.swift; sourceTree = "<group>"; };
		1699B9972B045182007DC331 /* QRCodeButton.swift */ = {isa = PBXFileReference; lastKnownFileType = sourcecode.swift; path = QRCodeButton.swift; sourceTree = "<group>"; };
		1699B9A02B0D9367007DC331 /* UserView.swift */ = {isa = PBXFileReference; lastKnownFileType = sourcecode.swift; path = UserView.swift; sourceTree = "<group>"; };
		1699B9A22B0D93FA007DC331 /* UserViewModel.swift */ = {isa = PBXFileReference; lastKnownFileType = sourcecode.swift; path = UserViewModel.swift; sourceTree = "<group>"; };
		1699B9A42B0D9AC8007DC331 /* UserModel.swift */ = {isa = PBXFileReference; lastKnownFileType = sourcecode.swift; path = UserModel.swift; sourceTree = "<group>"; };
		1699B9A62B0DA51B007DC331 /* EmptyState.swift */ = {isa = PBXFileReference; lastKnownFileType = sourcecode.swift; path = EmptyState.swift; sourceTree = "<group>"; };
		1699B9AA2B0E4C03007DC331 /* StandardButtonStyle.swift */ = {isa = PBXFileReference; lastKnownFileType = sourcecode.swift; path = StandardButtonStyle.swift; sourceTree = "<group>"; };
		1699B9AC2B10D55D007DC331 /* ReloadView.swift */ = {isa = PBXFileReference; lastKnownFileType = sourcecode.swift; path = ReloadView.swift; sourceTree = "<group>"; };
		1699B9AE2B14B2AB007DC331 /* AppetizerDetailsViewModel.swift */ = {isa = PBXFileReference; lastKnownFileType = sourcecode.swift; path = AppetizerDetailsViewModel.swift; sourceTree = "<group>"; };
/* End PBXFileReference section */

/* Begin PBXFrameworksBuildPhase section */
		1699A9012B00761C009259EB /* Frameworks */ = {
			isa = PBXFrameworksBuildPhase;
			buildActionMask = 2147483647;
			files = (
			);
			runOnlyForDeploymentPostprocessing = 0;
		};
		1699A9112B00761F009259EB /* Frameworks */ = {
			isa = PBXFrameworksBuildPhase;
			buildActionMask = 2147483647;
			files = (
			);
			runOnlyForDeploymentPostprocessing = 0;
		};
		1699A91B2B00761F009259EB /* Frameworks */ = {
			isa = PBXFrameworksBuildPhase;
			buildActionMask = 2147483647;
			files = (
			);
			runOnlyForDeploymentPostprocessing = 0;
		};
/* End PBXFrameworksBuildPhase section */

/* Begin PBXGroup section */
		1699A8FB2B00761C009259EB = {
			isa = PBXGroup;
			children = (
				1699A9062B00761C009259EB /* AppetizerApp */,
				1699A9172B00761F009259EB /* AppetizerAppTests */,
				1699A9212B00761F009259EB /* AppetizerAppUITests */,
				1699A9052B00761C009259EB /* Products */,
			);
			sourceTree = "<group>";
		};
		1699A9052B00761C009259EB /* Products */ = {
			isa = PBXGroup;
			children = (
				1699A9042B00761C009259EB /* AppetizerApp.app */,
				1699A9142B00761F009259EB /* AppetizerAppTests.xctest */,
				1699A91E2B00761F009259EB /* AppetizerAppUITests.xctest */,
			);
			name = Products;
			sourceTree = "<group>";
		};
		1699A9062B00761C009259EB /* AppetizerApp */ = {
			isa = PBXGroup;
			children = (
				1699A95A2B00D9A1009259EB /* Views */,
				1699A9522B00CE81009259EB /* Extensions */,
				1699A94D2B00B7F5009259EB /* Alerts */,
				1699A9482B00AAF8009259EB /* Networking */,
				1699A93C2B008922009259EB /* App */,
				1699A93B2B008916009259EB /* Screens */,
				1699A90B2B00761F009259EB /* Assets.xcassets */,
				1699A90D2B00761F009259EB /* Preview Content */,
			);
			path = AppetizerApp;
			sourceTree = "<group>";
		};
		1699A90D2B00761F009259EB /* Preview Content */ = {
			isa = PBXGroup;
			children = (
				1699A90E2B00761F009259EB /* Preview Assets.xcassets */,
			);
			path = "Preview Content";
			sourceTree = "<group>";
		};
		1699A9172B00761F009259EB /* AppetizerAppTests */ = {
			isa = PBXGroup;
			children = (
				1699A9182B00761F009259EB /* AppetizerAppTests.swift */,
			);
			path = AppetizerAppTests;
			sourceTree = "<group>";
		};
		1699A9212B00761F009259EB /* AppetizerAppUITests */ = {
			isa = PBXGroup;
			children = (
				1699A9222B00761F009259EB /* AppetizerAppUITests.swift */,
				1699A9242B00761F009259EB /* AppetizerAppUITestsLaunchTests.swift */,
			);
			path = AppetizerAppUITests;
			sourceTree = "<group>";
		};
		1699A9372B0088D7009259EB /* AppetizerListView */ = {
			isa = PBXGroup;
			children = (
				1699A9452B00A11D009259EB /* Views */,
				1699A9312B0076CC009259EB /* AppetizerListView.swift */,
				1699A93D2B008946009259EB /* AppetizerViewModel.swift */,
				1699A9432B008E70009259EB /* appetizerModel.swift */,
			);
			path = AppetizerListView;
			sourceTree = "<group>";
		};
		1699A9392B0088F9009259EB /* CartView */ = {
			isa = PBXGroup;
			children = (
				1699A9352B007718009259EB /* CartView.swift */,
				1699A9412B00899E009259EB /* CartViewModel.swift */,
			);
			path = CartView;
			sourceTree = "<group>";
		};
		1699A93A2B008906009259EB /* HomeView */ = {
			isa = PBXGroup;
			children = (
				1699A9092B00761C009259EB /* AppetizerTabView.swift */,
			);
			path = HomeView;
			sourceTree = "<group>";
		};
		1699A93B2B008916009259EB /* Screens */ = {
			isa = PBXGroup;
			children = (
				1699A93A2B008906009259EB /* HomeView */,
				1699A9372B0088D7009259EB /* AppetizerListView */,
				1699A9572B00D927009259EB /* AppetizerDetailsView */,
				1699A9392B0088F9009259EB /* CartView */,
				1699B99F2B0D9340007DC331 /* User */,
			);
			path = Screens;
			sourceTree = "<group>";
		};
		1699A93C2B008922009259EB /* App */ = {
			isa = PBXGroup;
			children = (
				1699A9072B00761C009259EB /* AppetizerAppApp.swift */,
			);
			path = App;
			sourceTree = "<group>";
		};
		1699A9452B00A11D009259EB /* Views */ = {
			isa = PBXGroup;
			children = (
				1699A9462B00A13D009259EB /* AppetizerCell.swift */,
				1699A9502B00C071009259EB /* AppetizerSkeletonView.swift */,
				1699B9AC2B10D55D007DC331 /* ReloadView.swift */,
			);
			path = Views;
			sourceTree = "<group>";
		};
		1699A9482B00AAF8009259EB /* Networking */ = {
			isa = PBXGroup;
			children = (
				1699A9492B00AB22009259EB /* Emuns.swift */,
				1699A94B2B00AB57009259EB /* NetworkManager.swift */,
				1699A9552B00D319009259EB /* ImageLoader.swift */,
			);
			path = Networking;
			sourceTree = "<group>";
		};
		1699A94D2B00B7F5009259EB /* Alerts */ = {
			isa = PBXGroup;
			children = (
				1699A94E2B00B823009259EB /* AlertContext.swift */,
			);
			path = Alerts;
			sourceTree = "<group>";
		};
		1699A9522B00CE81009259EB /* Extensions */ = {
			isa = PBXGroup;
			children = (
				1699A9532B00CE90009259EB /* Colors.swift */,
				1699A9622B00E35C009259EB /* String.swift */,
			);
			path = Extensions;
			sourceTree = "<group>";
		};
		1699A9572B00D927009259EB /* AppetizerDetailsView */ = {
			isa = PBXGroup;
			children = (
				1699A95F2B00DB1B009259EB /* Views */,
				1699A9582B00D94D009259EB /* AppetizerDetilsView.swift */,
				1699B9AE2B14B2AB007DC331 /* AppetizerDetailsViewModel.swift */,
			);
			path = AppetizerDetailsView;
			sourceTree = "<group>";
		};
		1699A95A2B00D9A1009259EB /* Views */ = {
			isa = PBXGroup;
			children = (
				1699A95B2B00D9B2009259EB /* XButtonView.swift */,
				1699A95D2B00DA0C009259EB /* PrimaryButtonView.swift */,
				1699B9972B045182007DC331 /* QRCodeButton.swift */,
				1699B9A62B0DA51B007DC331 /* EmptyState.swift */,
				1699B9AA2B0E4C03007DC331 /* StandardButtonStyle.swift */,
			);
			path = Views;
			sourceTree = "<group>";
		};
		1699A95F2B00DB1B009259EB /* Views */ = {
			isa = PBXGroup;
			children = (
				1699A9602B00DEC1009259EB /* NutritionView.swift */,
			);
			path = Views;
			sourceTree = "<group>";
		};
		1699B99F2B0D9340007DC331 /* User */ = {
			isa = PBXGroup;
			children = (
				1699B9A02B0D9367007DC331 /* UserView.swift */,
				1699B9A22B0D93FA007DC331 /* UserViewModel.swift */,
				1699B9A42B0D9AC8007DC331 /* UserModel.swift */,
			);
			path = User;
			sourceTree = "<group>";
		};
/* End PBXGroup section */

/* Begin PBXNativeTarget section */
		1699A9032B00761C009259EB /* AppetizerApp */ = {
			isa = PBXNativeTarget;
			buildConfigurationList = 1699A9282B00761F009259EB /* Build configuration list for PBXNativeTarget "AppetizerApp" */;
			buildPhases = (
				1699A9002B00761C009259EB /* Sources */,
				1699A9012B00761C009259EB /* Frameworks */,
				1699A9022B00761C009259EB /* Resources */,
			);
			buildRules = (
			);
			dependencies = (
			);
			name = AppetizerApp;
			productName = AppetizerApp;
			productReference = 1699A9042B00761C009259EB /* AppetizerApp.app */;
			productType = "com.apple.product-type.application";
		};
		1699A9132B00761F009259EB /* AppetizerAppTests */ = {
			isa = PBXNativeTarget;
			buildConfigurationList = 1699A92B2B00761F009259EB /* Build configuration list for PBXNativeTarget "AppetizerAppTests" */;
			buildPhases = (
				1699A9102B00761F009259EB /* Sources */,
				1699A9112B00761F009259EB /* Frameworks */,
				1699A9122B00761F009259EB /* Resources */,
			);
			buildRules = (
			);
			dependencies = (
				1699A9162B00761F009259EB /* PBXTargetDependency */,
			);
			name = AppetizerAppTests;
			productName = AppetizerAppTests;
			productReference = 1699A9142B00761F009259EB /* AppetizerAppTests.xctest */;
			productType = "com.apple.product-type.bundle.unit-test";
		};
		1699A91D2B00761F009259EB /* AppetizerAppUITests */ = {
			isa = PBXNativeTarget;
			buildConfigurationList = 1699A92E2B00761F009259EB /* Build configuration list for PBXNativeTarget "AppetizerAppUITests" */;
			buildPhases = (
				1699A91A2B00761F009259EB /* Sources */,
				1699A91B2B00761F009259EB /* Frameworks */,
				1699A91C2B00761F009259EB /* Resources */,
			);
			buildRules = (
			);
			dependencies = (
				1699A9202B00761F009259EB /* PBXTargetDependency */,
			);
			name = AppetizerAppUITests;
			productName = AppetizerAppUITests;
			productReference = 1699A91E2B00761F009259EB /* AppetizerAppUITests.xctest */;
			productType = "com.apple.product-type.bundle.ui-testing";
		};
/* End PBXNativeTarget section */

/* Begin PBXProject section */
		1699A8FC2B00761C009259EB /* Project object */ = {
			isa = PBXProject;
			attributes = {
				BuildIndependentTargetsInParallel = 1;
				LastSwiftUpdateCheck = 1500;
				LastUpgradeCheck = 1500;
				TargetAttributes = {
					1699A9032B00761C009259EB = {
						CreatedOnToolsVersion = 15.0.1;
					};
					1699A9132B00761F009259EB = {
						CreatedOnToolsVersion = 15.0.1;
						TestTargetID = 1699A9032B00761C009259EB;
					};
					1699A91D2B00761F009259EB = {
						CreatedOnToolsVersion = 15.0.1;
						TestTargetID = 1699A9032B00761C009259EB;
					};
				};
			};
			buildConfigurationList = 1699A8FF2B00761C009259EB /* Build configuration list for PBXProject "AppetizerApp" */;
			compatibilityVersion = "Xcode 14.0";
			developmentRegion = en;
			hasScannedForEncodings = 0;
			knownRegions = (
				en,
				Base,
			);
			mainGroup = 1699A8FB2B00761C009259EB;
			productRefGroup = 1699A9052B00761C009259EB /* Products */;
			projectDirPath = "";
			projectRoot = "";
			targets = (
				1699A9032B00761C009259EB /* AppetizerApp */,
				1699A9132B00761F009259EB /* AppetizerAppTests */,
				1699A91D2B00761F009259EB /* AppetizerAppUITests */,
			);
		};
/* End PBXProject section */

/* Begin PBXResourcesBuildPhase section */
		1699A9022B00761C009259EB /* Resources */ = {
			isa = PBXResourcesBuildPhase;
			buildActionMask = 2147483647;
			files = (
				1699A90F2B00761F009259EB /* Preview Assets.xcassets in Resources */,
				1699A90C2B00761F009259EB /* Assets.xcassets in Resources */,
			);
			runOnlyForDeploymentPostprocessing = 0;
		};
		1699A9122B00761F009259EB /* Resources */ = {
			isa = PBXResourcesBuildPhase;
			buildActionMask = 2147483647;
			files = (
			);
			runOnlyForDeploymentPostprocessing = 0;
		};
		1699A91C2B00761F009259EB /* Resources */ = {
			isa = PBXResourcesBuildPhase;
			buildActionMask = 2147483647;
			files = (
			);
			runOnlyForDeploymentPostprocessing = 0;
		};
/* End PBXResourcesBuildPhase section */

/* Begin PBXSourcesBuildPhase section */
		1699A9002B00761C009259EB /* Sources */ = {
			isa = PBXSourcesBuildPhase;
			buildActionMask = 2147483647;
			files = (
				1699A94F2B00B823009259EB /* AlertContext.swift in Sources */,
				1699B9A32B0D93FA007DC331 /* UserViewModel.swift in Sources */,
				1699B9982B045182007DC331 /* QRCodeButton.swift in Sources */,
				1699B9A72B0DA51B007DC331 /* EmptyState.swift in Sources */,
				1699A9542B00CE90009259EB /* Colors.swift in Sources */,
				1699A94C2B00AB57009259EB /* NetworkManager.swift in Sources */,
				1699A9362B007718009259EB /* CartView.swift in Sources */,
				1699A93E2B008946009259EB /* AppetizerViewModel.swift in Sources */,
				1699B9AB2B0E4C03007DC331 /* StandardButtonStyle.swift in Sources */,
				1699A9562B00D319009259EB /* ImageLoader.swift in Sources */,
				1699B9A52B0D9AC8007DC331 /* UserModel.swift in Sources */,
				1699A95E2B00DA0C009259EB /* PrimaryButtonView.swift in Sources */,
				1699A9442B008E70009259EB /* appetizerModel.swift in Sources */,
				1699A9612B00DEC1009259EB /* NutritionView.swift in Sources */,
				1699A9592B00D94D009259EB /* AppetizerDetilsView.swift in Sources */,
				1699B9AD2B10D55D007DC331 /* ReloadView.swift in Sources */,
				1699A9422B00899E009259EB /* CartViewModel.swift in Sources */,
				1699A9472B00A13D009259EB /* AppetizerCell.swift in Sources */,
				1699A94A2B00AB22009259EB /* Emuns.swift in Sources */,
				1699B9AF2B14B2AB007DC331 /* AppetizerDetailsViewModel.swift in Sources */,
				1699A9512B00C071009259EB /* AppetizerSkeletonView.swift in Sources */,
				1699A90A2B00761C009259EB /* AppetizerTabView.swift in Sources */,
				1699A95C2B00D9B2009259EB /* XButtonView.swift in Sources */,
				1699A9632B00E35C009259EB /* String.swift in Sources */,
				1699A9082B00761C009259EB /* AppetizerAppApp.swift in Sources */,
				1699A9322B0076CC009259EB /* AppetizerListView.swift in Sources */,
				1699B9A12B0D9367007DC331 /* UserView.swift in Sources */,
			);
			runOnlyForDeploymentPostprocessing = 0;
		};
		1699A9102B00761F009259EB /* Sources */ = {
			isa = PBXSourcesBuildPhase;
			buildActionMask = 2147483647;
			files = (
				1699A9192B00761F009259EB /* AppetizerAppTests.swift in Sources */,
			);
			runOnlyForDeploymentPostprocessing = 0;
		};
		1699A91A2B00761F009259EB /* Sources */ = {
			isa = PBXSourcesBuildPhase;
			buildActionMask = 2147483647;
			files = (
				1699A9232B00761F009259EB /* AppetizerAppUITests.swift in Sources */,
				1699A9252B00761F009259EB /* AppetizerAppUITestsLaunchTests.swift in Sources */,
			);
			runOnlyForDeploymentPostprocessing = 0;
		};
/* End PBXSourcesBuildPhase section */

/* Begin PBXTargetDependency section */
		1699A9162B00761F009259EB /* PBXTargetDependency */ = {
			isa = PBXTargetDependency;
			target = 1699A9032B00761C009259EB /* AppetizerApp */;
			targetProxy = 1699A9152B00761F009259EB /* PBXContainerItemProxy */;
		};
		1699A9202B00761F009259EB /* PBXTargetDependency */ = {
			isa = PBXTargetDependency;
			target = 1699A9032B00761C009259EB /* AppetizerApp */;
			targetProxy = 1699A91F2B00761F009259EB /* PBXContainerItemProxy */;
		};
/* End PBXTargetDependency section */

/* Begin XCBuildConfiguration section */
		1699A9262B00761F009259EB /* Debug */ = {
			isa = XCBuildConfiguration;
			buildSettings = {
				ALWAYS_SEARCH_USER_PATHS = NO;
				ASSETCATALOG_COMPILER_GENERATE_SWIFT_ASSET_SYMBOL_EXTENSIONS = YES;
				CLANG_ANALYZER_NONNULL = YES;
				CLANG_ANALYZER_NUMBER_OBJECT_CONVERSION = YES_AGGRESSIVE;
				CLANG_CXX_LANGUAGE_STANDARD = "gnu++20";
				CLANG_ENABLE_MODULES = YES;
				CLANG_ENABLE_OBJC_ARC = YES;
				CLANG_ENABLE_OBJC_WEAK = YES;
				CLANG_WARN_BLOCK_CAPTURE_AUTORELEASING = YES;
				CLANG_WARN_BOOL_CONVERSION = YES;
				CLANG_WARN_COMMA = YES;
				CLANG_WARN_CONSTANT_CONVERSION = YES;
				CLANG_WARN_DEPRECATED_OBJC_IMPLEMENTATIONS = YES;
				CLANG_WARN_DIRECT_OBJC_ISA_USAGE = YES_ERROR;
				CLANG_WARN_DOCUMENTATION_COMMENTS = YES;
				CLANG_WARN_EMPTY_BODY = YES;
				CLANG_WARN_ENUM_CONVERSION = YES;
				CLANG_WARN_INFINITE_RECURSION = YES;
				CLANG_WARN_INT_CONVERSION = YES;
				CLANG_WARN_NON_LITERAL_NULL_CONVERSION = YES;
				CLANG_WARN_OBJC_IMPLICIT_RETAIN_SELF = YES;
				CLANG_WARN_OBJC_LITERAL_CONVERSION = YES;
				CLANG_WARN_OBJC_ROOT_CLASS = YES_ERROR;
				CLANG_WARN_QUOTED_INCLUDE_IN_FRAMEWORK_HEADER = YES;
				CLANG_WARN_RANGE_LOOP_ANALYSIS = YES;
				CLANG_WARN_STRICT_PROTOTYPES = YES;
				CLANG_WARN_SUSPICIOUS_MOVE = YES;
				CLANG_WARN_UNGUARDED_AVAILABILITY = YES_AGGRESSIVE;
				CLANG_WARN_UNREACHABLE_CODE = YES;
				CLANG_WARN__DUPLICATE_METHOD_MATCH = YES;
				COPY_PHASE_STRIP = NO;
				DEBUG_INFORMATION_FORMAT = dwarf;
				ENABLE_STRICT_OBJC_MSGSEND = YES;
				ENABLE_TESTABILITY = YES;
				ENABLE_USER_SCRIPT_SANDBOXING = YES;
				GCC_C_LANGUAGE_STANDARD = gnu17;
				GCC_DYNAMIC_NO_PIC = NO;
				GCC_NO_COMMON_BLOCKS = YES;
				GCC_OPTIMIZATION_LEVEL = 0;
				GCC_PREPROCESSOR_DEFINITIONS = (
					"DEBUG=1",
					"$(inherited)",
				);
				GCC_WARN_64_TO_32_BIT_CONVERSION = YES;
				GCC_WARN_ABOUT_RETURN_TYPE = YES_ERROR;
				GCC_WARN_UNDECLARED_SELECTOR = YES;
				GCC_WARN_UNINITIALIZED_AUTOS = YES_AGGRESSIVE;
				GCC_WARN_UNUSED_FUNCTION = YES;
				GCC_WARN_UNUSED_VARIABLE = YES;
				IPHONEOS_DEPLOYMENT_TARGET = 17.0;
				LOCALIZATION_PREFERS_STRING_CATALOGS = YES;
				MTL_ENABLE_DEBUG_INFO = INCLUDE_SOURCE;
				MTL_FAST_MATH = YES;
				ONLY_ACTIVE_ARCH = YES;
				SDKROOT = iphoneos;
				SWIFT_ACTIVE_COMPILATION_CONDITIONS = "DEBUG $(inherited)";
				SWIFT_OPTIMIZATION_LEVEL = "-Onone";
			};
			name = Debug;
		};
		1699A9272B00761F009259EB /* Release */ = {
			isa = XCBuildConfiguration;
			buildSettings = {
				ALWAYS_SEARCH_USER_PATHS = NO;
				ASSETCATALOG_COMPILER_GENERATE_SWIFT_ASSET_SYMBOL_EXTENSIONS = YES;
				CLANG_ANALYZER_NONNULL = YES;
				CLANG_ANALYZER_NUMBER_OBJECT_CONVERSION = YES_AGGRESSIVE;
				CLANG_CXX_LANGUAGE_STANDARD = "gnu++20";
				CLANG_ENABLE_MODULES = YES;
				CLANG_ENABLE_OBJC_ARC = YES;
				CLANG_ENABLE_OBJC_WEAK = YES;
				CLANG_WARN_BLOCK_CAPTURE_AUTORELEASING = YES;
				CLANG_WARN_BOOL_CONVERSION = YES;
				CLANG_WARN_COMMA = YES;
				CLANG_WARN_CONSTANT_CONVERSION = YES;
				CLANG_WARN_DEPRECATED_OBJC_IMPLEMENTATIONS = YES;
				CLANG_WARN_DIRECT_OBJC_ISA_USAGE = YES_ERROR;
				CLANG_WARN_DOCUMENTATION_COMMENTS = YES;
				CLANG_WARN_EMPTY_BODY = YES;
				CLANG_WARN_ENUM_CONVERSION = YES;
				CLANG_WARN_INFINITE_RECURSION = YES;
				CLANG_WARN_INT_CONVERSION = YES;
				CLANG_WARN_NON_LITERAL_NULL_CONVERSION = YES;
				CLANG_WARN_OBJC_IMPLICIT_RETAIN_SELF = YES;
				CLANG_WARN_OBJC_LITERAL_CONVERSION = YES;
				CLANG_WARN_OBJC_ROOT_CLASS = YES_ERROR;
				CLANG_WARN_QUOTED_INCLUDE_IN_FRAMEWORK_HEADER = YES;
				CLANG_WARN_RANGE_LOOP_ANALYSIS = YES;
				CLANG_WARN_STRICT_PROTOTYPES = YES;
				CLANG_WARN_SUSPICIOUS_MOVE = YES;
				CLANG_WARN_UNGUARDED_AVAILABILITY = YES_AGGRESSIVE;
				CLANG_WARN_UNREACHABLE_CODE = YES;
				CLANG_WARN__DUPLICATE_METHOD_MATCH = YES;
				COPY_PHASE_STRIP = NO;
				DEBUG_INFORMATION_FORMAT = "dwarf-with-dsym";
				ENABLE_NS_ASSERTIONS = NO;
				ENABLE_STRICT_OBJC_MSGSEND = YES;
				ENABLE_USER_SCRIPT_SANDBOXING = YES;
				GCC_C_LANGUAGE_STANDARD = gnu17;
				GCC_NO_COMMON_BLOCKS = YES;
				GCC_WARN_64_TO_32_BIT_CONVERSION = YES;
				GCC_WARN_ABOUT_RETURN_TYPE = YES_ERROR;
				GCC_WARN_UNDECLARED_SELECTOR = YES;
				GCC_WARN_UNINITIALIZED_AUTOS = YES_AGGRESSIVE;
				GCC_WARN_UNUSED_FUNCTION = YES;
				GCC_WARN_UNUSED_VARIABLE = YES;
				IPHONEOS_DEPLOYMENT_TARGET = 17.0;
				LOCALIZATION_PREFERS_STRING_CATALOGS = YES;
				MTL_ENABLE_DEBUG_INFO = NO;
				MTL_FAST_MATH = YES;
				SDKROOT = iphoneos;
				SWIFT_COMPILATION_MODE = wholemodule;
				VALIDATE_PRODUCT = YES;
			};
			name = Release;
		};
		1699A9292B00761F009259EB /* Debug */ = {
			isa = XCBuildConfiguration;
			buildSettings = {
				ASSETCATALOG_COMPILER_APPICON_NAME = AppIcon;
				ASSETCATALOG_COMPILER_GLOBAL_ACCENT_COLOR_NAME = AccentColor;
				CODE_SIGN_STYLE = Automatic;
				CURRENT_PROJECT_VERSION = 1;
				DEVELOPMENT_ASSET_PATHS = "\"AppetizerApp/Preview Content\"";
				DEVELOPMENT_TEAM = 2C4XF58Z9A;
				ENABLE_PREVIEWS = YES;
				GENERATE_INFOPLIST_FILE = YES;
				INFOPLIST_KEY_UIApplicationSceneManifest_Generation = YES;
				INFOPLIST_KEY_UIApplicationSupportsIndirectInputEvents = YES;
				INFOPLIST_KEY_UILaunchScreen_Generation = YES;
				INFOPLIST_KEY_UISupportedInterfaceOrientations_iPad = "UIInterfaceOrientationPortrait UIInterfaceOrientationPortraitUpsideDown UIInterfaceOrientationLandscapeLeft UIInterfaceOrientationLandscapeRight";
				INFOPLIST_KEY_UISupportedInterfaceOrientations_iPhone = "UIInterfaceOrientationPortrait UIInterfaceOrientationLandscapeLeft UIInterfaceOrientationLandscapeRight";
				LD_RUNPATH_SEARCH_PATHS = (
					"$(inherited)",
					"@executable_path/Frameworks",
				);
				MARKETING_VERSION = 1.0;
				PRODUCT_BUNDLE_IDENTIFIER = solar.sysyem.app.AppetizerApp;
				PRODUCT_NAME = "$(TARGET_NAME)";
				SWIFT_EMIT_LOC_STRINGS = YES;
				SWIFT_VERSION = 5.0;
				TARGETED_DEVICE_FAMILY = "1,2";
			};
			name = Debug;
		};
		1699A92A2B00761F009259EB /* Release */ = {
			isa = XCBuildConfiguration;
			buildSettings = {
				ASSETCATALOG_COMPILER_APPICON_NAME = AppIcon;
				ASSETCATALOG_COMPILER_GLOBAL_ACCENT_COLOR_NAME = AccentColor;
				CODE_SIGN_STYLE = Automatic;
				CURRENT_PROJECT_VERSION = 1;
				DEVELOPMENT_ASSET_PATHS = "\"AppetizerApp/Preview Content\"";
				DEVELOPMENT_TEAM = 2C4XF58Z9A;
				ENABLE_PREVIEWS = YES;
				GENERATE_INFOPLIST_FILE = YES;
				INFOPLIST_KEY_UIApplicationSceneManifest_Generation = YES;
				INFOPLIST_KEY_UIApplicationSupportsIndirectInputEvents = YES;
				INFOPLIST_KEY_UILaunchScreen_Generation = YES;
				INFOPLIST_KEY_UISupportedInterfaceOrientations_iPad = "UIInterfaceOrientationPortrait UIInterfaceOrientationPortraitUpsideDown UIInterfaceOrientationLandscapeLeft UIInterfaceOrientationLandscapeRight";
				INFOPLIST_KEY_UISupportedInterfaceOrientations_iPhone = "UIInterfaceOrientationPortrait UIInterfaceOrientationLandscapeLeft UIInterfaceOrientationLandscapeRight";
				LD_RUNPATH_SEARCH_PATHS = (
					"$(inherited)",
					"@executable_path/Frameworks",
				);
				MARKETING_VERSION = 1.0;
				PRODUCT_BUNDLE_IDENTIFIER = solar.sysyem.app.AppetizerApp;
				PRODUCT_NAME = "$(TARGET_NAME)";
				SWIFT_EMIT_LOC_STRINGS = YES;
				SWIFT_VERSION = 5.0;
				TARGETED_DEVICE_FAMILY = "1,2";
			};
			name = Release;
		};
		1699A92C2B00761F009259EB /* Debug */ = {
			isa = XCBuildConfiguration;
			buildSettings = {
				ALWAYS_EMBED_SWIFT_STANDARD_LIBRARIES = YES;
				BUNDLE_LOADER = "$(TEST_HOST)";
				CODE_SIGN_STYLE = Automatic;
				CURRENT_PROJECT_VERSION = 1;
				DEVELOPMENT_TEAM = 2C4XF58Z9A;
				GENERATE_INFOPLIST_FILE = YES;
				IPHONEOS_DEPLOYMENT_TARGET = 17.0;
				MARKETING_VERSION = 1.0;
				PRODUCT_BUNDLE_IDENTIFIER = solar.sysyem.app.AppetizerAppTests;
				PRODUCT_NAME = "$(TARGET_NAME)";
				SWIFT_EMIT_LOC_STRINGS = NO;
				SWIFT_VERSION = 5.0;
				TARGETED_DEVICE_FAMILY = "1,2";
				TEST_HOST = "$(BUILT_PRODUCTS_DIR)/AppetizerApp.app/$(BUNDLE_EXECUTABLE_FOLDER_PATH)/AppetizerApp";
			};
			name = Debug;
		};
		1699A92D2B00761F009259EB /* Release */ = {
			isa = XCBuildConfiguration;
			buildSettings = {
				ALWAYS_EMBED_SWIFT_STANDARD_LIBRARIES = YES;
				BUNDLE_LOADER = "$(TEST_HOST)";
				CODE_SIGN_STYLE = Automatic;
				CURRENT_PROJECT_VERSION = 1;
				DEVELOPMENT_TEAM = 2C4XF58Z9A;
				GENERATE_INFOPLIST_FILE = YES;
				IPHONEOS_DEPLOYMENT_TARGET = 17.0;
				MARKETING_VERSION = 1.0;
				PRODUCT_BUNDLE_IDENTIFIER = solar.sysyem.app.AppetizerAppTests;
				PRODUCT_NAME = "$(TARGET_NAME)";
				SWIFT_EMIT_LOC_STRINGS = NO;
				SWIFT_VERSION = 5.0;
				TARGETED_DEVICE_FAMILY = "1,2";
				TEST_HOST = "$(BUILT_PRODUCTS_DIR)/AppetizerApp.app/$(BUNDLE_EXECUTABLE_FOLDER_PATH)/AppetizerApp";
			};
			name = Release;
		};
		1699A92F2B00761F009259EB /* Debug */ = {
			isa = XCBuildConfiguration;
			buildSettings = {
				ALWAYS_EMBED_SWIFT_STANDARD_LIBRARIES = YES;
				CODE_SIGN_STYLE = Automatic;
				CURRENT_PROJECT_VERSION = 1;
				DEVELOPMENT_TEAM = 2C4XF58Z9A;
				GENERATE_INFOPLIST_FILE = YES;
				MARKETING_VERSION = 1.0;
				PRODUCT_BUNDLE_IDENTIFIER = solar.sysyem.app.AppetizerAppUITests;
				PRODUCT_NAME = "$(TARGET_NAME)";
				SWIFT_EMIT_LOC_STRINGS = NO;
				SWIFT_VERSION = 5.0;
				TARGETED_DEVICE_FAMILY = "1,2";
				TEST_TARGET_NAME = AppetizerApp;
			};
			name = Debug;
		};
		1699A9302B00761F009259EB /* Release */ = {
			isa = XCBuildConfiguration;
			buildSettings = {
				ALWAYS_EMBED_SWIFT_STANDARD_LIBRARIES = YES;
				CODE_SIGN_STYLE = Automatic;
				CURRENT_PROJECT_VERSION = 1;
				DEVELOPMENT_TEAM = 2C4XF58Z9A;
				GENERATE_INFOPLIST_FILE = YES;
				MARKETING_VERSION = 1.0;
				PRODUCT_BUNDLE_IDENTIFIER = solar.sysyem.app.AppetizerAppUITests;
				PRODUCT_NAME = "$(TARGET_NAME)";
				SWIFT_EMIT_LOC_STRINGS = NO;
				SWIFT_VERSION = 5.0;
				TARGETED_DEVICE_FAMILY = "1,2";
				TEST_TARGET_NAME = AppetizerApp;
			};
			name = Release;
		};
/* End XCBuildConfiguration section */

/* Begin XCConfigurationList section */
		1699A8FF2B00761C009259EB /* Build configuration list for PBXProject "AppetizerApp" */ = {
			isa = XCConfigurationList;
			buildConfigurations = (
				1699A9262B00761F009259EB /* Debug */,
				1699A9272B00761F009259EB /* Release */,
			);
			defaultConfigurationIsVisible = 0;
			defaultConfigurationName = Release;
		};
		1699A9282B00761F009259EB /* Build configuration list for PBXNativeTarget "AppetizerApp" */ = {
			isa = XCConfigurationList;
			buildConfigurations = (
				1699A9292B00761F009259EB /* Debug */,
				1699A92A2B00761F009259EB /* Release */,
			);
			defaultConfigurationIsVisible = 0;
			defaultConfigurationName = Release;
		};
		1699A92B2B00761F009259EB /* Build configuration list for PBXNativeTarget "AppetizerAppTests" */ = {
			isa = XCConfigurationList;
			buildConfigurations = (
				1699A92C2B00761F009259EB /* Debug */,
				1699A92D2B00761F009259EB /* Release */,
			);
			defaultConfigurationIsVisible = 0;
			defaultConfigurationName = Release;
		};
		1699A92E2B00761F009259EB /* Build configuration list for PBXNativeTarget "AppetizerAppUITests" */ = {
			isa = XCConfigurationList;
			buildConfigurations = (
				1699A92F2B00761F009259EB /* Debug */,
				1699A9302B00761F009259EB /* Release */,
			);
			defaultConfigurationIsVisible = 0;
			defaultConfigurationName = Release;
		};
/* End XCConfigurationList section */
	};
	rootObject = 1699A8FC2B00761C009259EB /* Project object */;
}
